
Microsoft Visual Studio Solution File, Format Version 12.00
# Visual Studio 15
VisualStudioVersion = 15.0.28010.2046
MinimumVisualStudioVersion = 10.0.40219.1
Project("{FAE04EC0-301F-11D3-BF4B-00C04F79EFBC}") = "Lambda_1", "Lambda_1\Lambda_1.csproj", "{A3AAECE5-D1BD-48CA-B241-5CDEACF65E74}"
EndProject
Global
	GlobalSection(SolutionConfigurationPlatforms) = preSolution
		Debug|Any CPU = Debug|Any CPU
		Release|Any CPU = Release|Any CPU
	EndGlobalSection
	GlobalSection(ProjectConfigurationPlatforms) = postSolution
		{A3AAECE5-D1BD-48CA-B241-5CDEACF65E74}.Debug|Any CPU.ActiveCfg = Debug|Any CPU
		{A3AAECE5-D1BD-48CA-B241-5CDEACF65E74}.Debug|Any CPU.Build.0 = Debug|Any CPU
		{A3AAECE5-D1BD-48CA-B241-5CDEACF65E74}.Release|Any CPU.ActiveCfg = Release|Any CPU
		{A3AAECE5-D1BD-48CA-B241-5CDEACF65E74}.Release|Any CPU.Build.0 = Release|Any CPU
	EndGlobalSection
	GlobalSection(SolutionProperties) = preSolution
		HideSolutionNode = FALSE
	EndGlobalSection
	GlobalSection(ExtensibilityGlobals) = postSolution
		SolutionGuid = {647E1DBB-D42C-4FAB-8B0D-C17EB54ACCD3}
	EndGlobalSection
EndGlobal
